
Microsoft Visual Studio Solution File, Format Version 12.00
# Visual Studio 15
VisualStudioVersion = 15.0.28307.1758
MinimumVisualStudioVersion = 10.0.40219.1
Project("{FAE04EC0-301F-11D3-BF4B-00C04F79EFBC}") = "Bookstoreapi", "Bookstoreapi\Bookstoreapi.csproj", "{EE087BA5-B069-45CD-8B9E-89EF93F02EB0}"
EndProject
Project("{E53339B2-1760-4266-BCC7-CA923CBCF16C}") = "docker-compose", "docker-compose.dcproj", "{F54E5915-BA76-4DD1-91BB-F7BC9538249D}"
EndProject
Global
	GlobalSection(SolutionConfigurationPlatforms) = preSolution
		Debug|Any CPU = Debug|Any CPU
		Release|Any CPU = Release|Any CPU
	EndGlobalSection
	GlobalSection(ProjectConfigurationPlatforms) = postSolution
		{EE087BA5-B069-45CD-8B9E-89EF93F02EB0}.Debug|Any CPU.ActiveCfg = Debug|Any CPU
		{EE087BA5-B069-45CD-8B9E-89EF93F02EB0}.Debug|Any CPU.Build.0 = Debug|Any CPU
		{EE087BA5-B069-45CD-8B9E-89EF93F02EB0}.Release|Any CPU.ActiveCfg = Release|Any CPU
		{EE087BA5-B069-45CD-8B9E-89EF93F02EB0}.Release|Any CPU.Build.0 = Release|Any CPU
		{F54E5915-BA76-4DD1-91BB-F7BC9538249D}.Debug|Any CPU.ActiveCfg = Debug|Any CPU
		{F54E5915-BA76-4DD1-91BB-F7BC9538249D}.Debug|Any CPU.Build.0 = Debug|Any CPU
		{F54E5915-BA76-4DD1-91BB-F7BC9538249D}.Release|Any CPU.ActiveCfg = Release|Any CPU
		{F54E5915-BA76-4DD1-91BB-F7BC9538249D}.Release|Any CPU.Build.0 = Release|Any CPU
	EndGlobalSection
	GlobalSection(SolutionProperties) = preSolution
		HideSolutionNode = FALSE
	EndGlobalSection
	GlobalSection(ExtensibilityGlobals) = postSolution
		SolutionGuid = {424B97AF-4409-482F-903A-2D6CDDD29DBC}
	EndGlobalSection
EndGlobal
